
Microsoft Visual Studio Solution File, Format Version 12.00
Project("{2150E333-8FDC-42A3-9474-1A3956D46DE8}") = "src", "src", "{2989CA6E-F56F-4F84-B505-6129BC6F6901}"
EndProject
Project("{2150E333-8FDC-42A3-9474-1A3956D46DE8}") = "common", "common", "{7C648F55-763D-4843-A8C9-5460C29D3E2A}"
	ProjectSection(SolutionItems) = preProject
		readme.md = readme.md
		Dockerfile = Dockerfile
	EndProjectSection
EndProject
Project("{2150E333-8FDC-42A3-9474-1A3956D46DE8}") = "tests", "tests", "{B2E2A6B5-2FC7-4D12-86D4-F56FDF19E4C2}"
EndProject
Project("{FAE04EC0-301F-11D3-BF4B-00C04F79EFBC}") = "OcsTestWork.OrderApi", "src\OcsTestWork.OrderApi\OcsTestWork.OrderApi.csproj", "{DF4119C3-3E02-41B0-A252-40E6D6F442DB}"
EndProject
Project("{FAE04EC0-301F-11D3-BF4B-00C04F79EFBC}") = "OcsTestWork.Domain", "src\OcsTestWork.Domain\OcsTestWork.Domain.csproj", "{3C33220B-4A6C-4554-B1E5-96F8B751DD98}"
EndProject
Global
	GlobalSection(SolutionConfigurationPlatforms) = preSolution
		Debug|Any CPU = Debug|Any CPU
		Release|Any CPU = Release|Any CPU
	EndGlobalSection
	GlobalSection(NestedProjects) = preSolution
		{DF4119C3-3E02-41B0-A252-40E6D6F442DB} = {2989CA6E-F56F-4F84-B505-6129BC6F6901}
		{3C33220B-4A6C-4554-B1E5-96F8B751DD98} = {2989CA6E-F56F-4F84-B505-6129BC6F6901}
	EndGlobalSection
	GlobalSection(ProjectConfigurationPlatforms) = postSolution
		{DF4119C3-3E02-41B0-A252-40E6D6F442DB}.Debug|Any CPU.ActiveCfg = Debug|Any CPU
		{DF4119C3-3E02-41B0-A252-40E6D6F442DB}.Debug|Any CPU.Build.0 = Debug|Any CPU
		{DF4119C3-3E02-41B0-A252-40E6D6F442DB}.Release|Any CPU.ActiveCfg = Release|Any CPU
		{DF4119C3-3E02-41B0-A252-40E6D6F442DB}.Release|Any CPU.Build.0 = Release|Any CPU
		{3C33220B-4A6C-4554-B1E5-96F8B751DD98}.Debug|Any CPU.ActiveCfg = Debug|Any CPU
		{3C33220B-4A6C-4554-B1E5-96F8B751DD98}.Debug|Any CPU.Build.0 = Debug|Any CPU
		{3C33220B-4A6C-4554-B1E5-96F8B751DD98}.Release|Any CPU.ActiveCfg = Release|Any CPU
		{3C33220B-4A6C-4554-B1E5-96F8B751DD98}.Release|Any CPU.Build.0 = Release|Any CPU
	EndGlobalSection
EndGlobal
